
Microsoft Visual Studio Solution File, Format Version 12.00
# Visual Studio Version 16
VisualStudioVersion = 16.0.29609.76
MinimumVisualStudioVersion = 10.0.40219.1
Project("{FAE04EC0-301F-11D3-BF4B-00C04F79EFBC}") = "winformOpenCV", "winformOpenCV\winformOpenCV.csproj", "{824E7906-8A3B-46B1-BA11-546737187AE9}"
EndProject
Global
	GlobalSection(SolutionConfigurationPlatforms) = preSolution
		Debug|Any CPU = Debug|Any CPU
		Debug|x64 = Debug|x64
		Release|Any CPU = Release|Any CPU
		Release|x64 = Release|x64
	EndGlobalSection
	GlobalSection(ProjectConfigurationPlatforms) = postSolution
		{824E7906-8A3B-46B1-BA11-546737187AE9}.Debug|Any CPU.ActiveCfg = Debug|Any CPU
		{824E7906-8A3B-46B1-BA11-546737187AE9}.Debug|Any CPU.Build.0 = Debug|Any CPU
		{824E7906-8A3B-46B1-BA11-546737187AE9}.Debug|x64.ActiveCfg = Debug|x64
		{824E7906-8A3B-46B1-BA11-546737187AE9}.Debug|x64.Build.0 = Debug|x64
		{824E7906-8A3B-46B1-BA11-546737187AE9}.Release|Any CPU.ActiveCfg = Release|Any CPU
		{824E7906-8A3B-46B1-BA11-546737187AE9}.Release|Any CPU.Build.0 = Release|Any CPU
		{824E7906-8A3B-46B1-BA11-546737187AE9}.Release|x64.ActiveCfg = Release|x64
		{824E7906-8A3B-46B1-BA11-546737187AE9}.Release|x64.Build.0 = Release|x64
	EndGlobalSection
	GlobalSection(SolutionProperties) = preSolution
		HideSolutionNode = FALSE
	EndGlobalSection
	GlobalSection(ExtensibilityGlobals) = postSolution
		SolutionGuid = {18B40B03-64A4-4C7B-B101-95F3478D91CB}
	EndGlobalSection
EndGlobal
